
Microsoft Visual Studio Solution File, Format Version 12.00
# Visual Studio 15
VisualStudioVersion = 15.0.28307.1433
MinimumVisualStudioVersion = 10.0.40219.1
Project("{FAE04EC0-301F-11D3-BF4B-00C04F79EFBC}") = "TestVS", "TestVS\TestVS.csproj", "{E2E3DDDA-CAF6-4818-8ED8-9BB142D15251}"
EndProject
Global
	GlobalSection(SolutionConfigurationPlatforms) = preSolution
		Debug|Any CPU = Debug|Any CPU
		Release|Any CPU = Release|Any CPU
	EndGlobalSection
	GlobalSection(ProjectConfigurationPlatforms) = postSolution
		{E2E3DDDA-CAF6-4818-8ED8-9BB142D15251}.Debug|Any CPU.ActiveCfg = Debug|Any CPU
		{E2E3DDDA-CAF6-4818-8ED8-9BB142D15251}.Debug|Any CPU.Build.0 = Debug|Any CPU
		{E2E3DDDA-CAF6-4818-8ED8-9BB142D15251}.Release|Any CPU.ActiveCfg = Release|Any CPU
		{E2E3DDDA-CAF6-4818-8ED8-9BB142D15251}.Release|Any CPU.Build.0 = Release|Any CPU
	EndGlobalSection
	GlobalSection(SolutionProperties) = preSolution
		HideSolutionNode = FALSE
	EndGlobalSection
	GlobalSection(ExtensibilityGlobals) = postSolution
		SolutionGuid = {050C1497-FFB3-451A-8EC0-29F0A8CA599C}
	EndGlobalSection
EndGlobal
